
Microsoft Visual Studio Solution File, Format Version 12.00
# Visual Studio Version 17
VisualStudioVersion = 17.3.32825.248
MinimumVisualStudioVersion = 10.0.40219.1
Project("{9A19103F-16F7-4668-BE54-9A1E7A4F7556}") = "Topic 7- Collections", "Topic 7- Collections.csproj", "{F806175D-2A9B-48B5-916E-52724F41F9B4}"
EndProject
Global
	GlobalSection(SolutionConfigurationPlatforms) = preSolution
		Debug|Any CPU = Debug|Any CPU
		Release|Any CPU = Release|Any CPU
	EndGlobalSection
	GlobalSection(ProjectConfigurationPlatforms) = postSolution
		{F806175D-2A9B-48B5-916E-52724F41F9B4}.Debug|Any CPU.ActiveCfg = Debug|Any CPU
		{F806175D-2A9B-48B5-916E-52724F41F9B4}.Debug|Any CPU.Build.0 = Debug|Any CPU
		{F806175D-2A9B-48B5-916E-52724F41F9B4}.Release|Any CPU.ActiveCfg = Release|Any CPU
		{F806175D-2A9B-48B5-916E-52724F41F9B4}.Release|Any CPU.Build.0 = Release|Any CPU
	EndGlobalSection
	GlobalSection(SolutionProperties) = preSolution
		HideSolutionNode = FALSE
	EndGlobalSection
	GlobalSection(ExtensibilityGlobals) = postSolution
		SolutionGuid = {27F58482-8B55-4FEA-A1F4-F19D17CC1EED}
	EndGlobalSection
EndGlobal
