
Microsoft Visual Studio Solution File, Format Version 12.00
# Visual Studio Version 17
VisualStudioVersion = 17.3.32825.248
MinimumVisualStudioVersion = 10.0.40219.1
Project("{FAE04EC0-301F-11D3-BF4B-00C04F79EFBC}") = "Part 6 - Loops", "Part 6 - Loops.csproj", "{BDAE06CC-86D4-4940-A8B3-3863BB580D11}"
EndProject
Global
	GlobalSection(SolutionConfigurationPlatforms) = preSolution
		Debug|Any CPU = Debug|Any CPU
		Release|Any CPU = Release|Any CPU
	EndGlobalSection
	GlobalSection(ProjectConfigurationPlatforms) = postSolution
		{BDAE06CC-86D4-4940-A8B3-3863BB580D11}.Debug|Any CPU.ActiveCfg = Debug|Any CPU
		{BDAE06CC-86D4-4940-A8B3-3863BB580D11}.Debug|Any CPU.Build.0 = Debug|Any CPU
		{BDAE06CC-86D4-4940-A8B3-3863BB580D11}.Release|Any CPU.ActiveCfg = Release|Any CPU
		{BDAE06CC-86D4-4940-A8B3-3863BB580D11}.Release|Any CPU.Build.0 = Release|Any CPU
	EndGlobalSection
	GlobalSection(SolutionProperties) = preSolution
		HideSolutionNode = FALSE
	EndGlobalSection
	GlobalSection(ExtensibilityGlobals) = postSolution
		SolutionGuid = {4504D129-9DFF-4A8A-AFCD-9B6DEBCCB2B0}
	EndGlobalSection
EndGlobal
