
Microsoft Visual Studio Solution File, Format Version 12.00
# Visual Studio Version 17
VisualStudioVersion = 17.4.33103.184
MinimumVisualStudioVersion = 10.0.40219.1
Project("{FAE04EC0-301F-11D3-BF4B-00C04F79EFBC}") = "Topic 2- Numbers", "Topic 2- Numbers\Topic 2- Numbers.csproj", "{75AD2735-3404-4E97-914F-824522BFA40A}"
EndProject
Global
	GlobalSection(SolutionConfigurationPlatforms) = preSolution
		Debug|Any CPU = Debug|Any CPU
		Release|Any CPU = Release|Any CPU
	EndGlobalSection
	GlobalSection(ProjectConfigurationPlatforms) = postSolution
		{75AD2735-3404-4E97-914F-824522BFA40A}.Debug|Any CPU.ActiveCfg = Debug|Any CPU
		{75AD2735-3404-4E97-914F-824522BFA40A}.Debug|Any CPU.Build.0 = Debug|Any CPU
		{75AD2735-3404-4E97-914F-824522BFA40A}.Release|Any CPU.ActiveCfg = Release|Any CPU
		{75AD2735-3404-4E97-914F-824522BFA40A}.Release|Any CPU.Build.0 = Release|Any CPU
	EndGlobalSection
	GlobalSection(SolutionProperties) = preSolution
		HideSolutionNode = FALSE
	EndGlobalSection
	GlobalSection(ExtensibilityGlobals) = postSolution
		SolutionGuid = {757418BE-BB05-4509-8403-7CC1105C029B}
	EndGlobalSection
EndGlobal
